// !$*UTF8*$!
{
	archiveVersion = 1;
	classes = {
	};
	objectVersion = 50;
	objects = {

/* Begin PBXBuildFile section */
		CE113D2A2532C40F0059B88B /* Extensions.swift in Sources */ = {isa = PBXBuildFile; fileRef = CE113D292532C40F0059B88B /* Extensions.swift */; };
		CEA73106254AB296004F0E4C /* AudioToolbox.framework in Frameworks */ = {isa = PBXBuildFile; fileRef = CEA73105254AB296004F0E4C /* AudioToolbox.framework */; };
		CEAF8AB32531DA55006C9B4C /* AppDelegate.swift in Sources */ = {isa = PBXBuildFile; fileRef = CEAF8AB22531DA55006C9B4C /* AppDelegate.swift */; };
		CEAF8AB52531DA55006C9B4C /* SceneDelegate.swift in Sources */ = {isa = PBXBuildFile; fileRef = CEAF8AB42531DA55006C9B4C /* SceneDelegate.swift */; };
		CEAF8AB72531DA55006C9B4C /* ContentView.swift in Sources */ = {isa = PBXBuildFile; fileRef = CEAF8AB62531DA55006C9B4C /* ContentView.swift */; };
		CEAF8AB92531DA5A006C9B4C /* Assets.xcassets in Resources */ = {isa = PBXBuildFile; fileRef = CEAF8AB82531DA5A006C9B4C /* Assets.xcassets */; };
		CEAF8ABC2531DA5A006C9B4C /* Preview Assets.xcassets in Resources */ = {isa = PBXBuildFile; fileRef = CEAF8ABB2531DA5A006C9B4C /* Preview Assets.xcassets */; };
		CEAF8ABF2531DA5A006C9B4C /* LaunchScreen.storyboard in Resources */ = {isa = PBXBuildFile; fileRef = CEAF8ABD2531DA5A006C9B4C /* LaunchScreen.storyboard */; };
		CED63B17253293040014E82B /* AudioRecorder.swift in Sources */ = {isa = PBXBuildFile; fileRef = CED63B16253293040014E82B /* AudioRecorder.swift */; };
		CED63B1A253295090014E82B /* RecordingList.swift in Sources */ = {isa = PBXBuildFile; fileRef = CED63B19253295090014E82B /* RecordingList.swift */; };
		CEF5080125332255000399C3 /* RecordingDataModel.swift in Sources */ = {isa = PBXBuildFile; fileRef = CEF5080025332255000399C3 /* RecordingDataModel.swift */; };
		CEF5080825333027000399C3 /* Helper.swift in Sources */ = {isa = PBXBuildFile; fileRef = CEF5080725333027000399C3 /* Helper.swift */; };
		CEF5080B2533E038000399C3 /* AudioPlayer.swift in Sources */ = {isa = PBXBuildFile; fileRef = CEF5080A2533E038000399C3 /* AudioPlayer.swift */; };
		CEF5BA27255283CB00825046 /* AVFoundation.framework in Frameworks */ = {isa = PBXBuildFile; fileRef = CEF5BA26255283CB00825046 /* AVFoundation.framework */; };
/* End PBXBuildFile section */

/* Begin PBXBuildRule section */
		CE3FDD3A2534762100CDEB43 /* PBXBuildRule */ = {
			isa = PBXBuildRule;
			compilerSpec = com.apple.compilers.proxy.script;
			fileType = pattern.proxy;
			inputFiles = (
			);
			isEditable = 1;
			outputFiles = (
			);
			script = "# Type a script or drag a script file from your workspace to insert its path.\n";
		};
		CE3FDD3B2534762300CDEB43 /* PBXBuildRule */ = {
			isa = PBXBuildRule;
			compilerSpec = com.apple.compilers.proxy.script;
			fileType = pattern.proxy;
			inputFiles = (
			);
			isEditable = 1;
			outputFiles = (
			);
			script = "# Type a script or drag a script file from your workspace to insert its path.\n";
		};
/* End PBXBuildRule section */

/* Begin PBXFileReference section */
		CE113D292532C40F0059B88B /* Extensions.swift */ = {isa = PBXFileReference; lastKnownFileType = sourcecode.swift; path = Extensions.swift; sourceTree = "<group>"; };
		CEA73103254AB296004F0E4C /* recorderAPPnew.entitlements */ = {isa = PBXFileReference; lastKnownFileType = text.plist.entitlements; path = recorderAPPnew.entitlements; sourceTree = "<group>"; };
		CEA73105254AB296004F0E4C /* AudioToolbox.framework */ = {isa = PBXFileReference; lastKnownFileType = wrapper.framework; name = AudioToolbox.framework; path = System/Library/Frameworks/AudioToolbox.framework; sourceTree = SDKROOT; };
		CEAF8AAF2531DA55006C9B4C /* recorderAPPnew.app */ = {isa = PBXFileReference; explicitFileType = wrapper.application; includeInIndex = 0; path = recorderAPPnew.app; sourceTree = BUILT_PRODUCTS_DIR; };
		CEAF8AB22531DA55006C9B4C /* AppDelegate.swift */ = {isa = PBXFileReference; lastKnownFileType = sourcecode.swift; path = AppDelegate.swift; sourceTree = "<group>"; };
		CEAF8AB42531DA55006C9B4C /* SceneDelegate.swift */ = {isa = PBXFileReference; lastKnownFileType = sourcecode.swift; path = SceneDelegate.swift; sourceTree = "<group>"; };
		CEAF8AB62531DA55006C9B4C /* ContentView.swift */ = {isa = PBXFileReference; lastKnownFileType = sourcecode.swift; path = ContentView.swift; sourceTree = "<group>"; };
		CEAF8AB82531DA5A006C9B4C /* Assets.xcassets */ = {isa = PBXFileReference; lastKnownFileType = folder.assetcatalog; path = Assets.xcassets; sourceTree = "<group>"; };
		CEAF8ABB2531DA5A006C9B4C /* Preview Assets.xcassets */ = {isa = PBXFileReference; lastKnownFileType = folder.assetcatalog; path = "Preview Assets.xcassets"; sourceTree = "<group>"; };
		CEAF8ABE2531DA5A006C9B4C /* Base */ = {isa = PBXFileReference; lastKnownFileType = file.storyboard; name = Base; path = Base.lproj/LaunchScreen.storyboard; sourceTree = "<group>"; };
		CEAF8AC02531DA5A006C9B4C /* Info.plist */ = {isa = PBXFileReference; lastKnownFileType = text.plist.xml; path = Info.plist; sourceTree = "<group>"; };
		CED63B16253293040014E82B /* AudioRecorder.swift */ = {isa = PBXFileReference; lastKnownFileType = sourcecode.swift; path = AudioRecorder.swift; sourceTree = "<group>"; };
		CED63B19253295090014E82B /* RecordingList.swift */ = {isa = PBXFileReference; lastKnownFileType = sourcecode.swift; path = RecordingList.swift; sourceTree = "<group>"; };
		CEF5080025332255000399C3 /* RecordingDataModel.swift */ = {isa = PBXFileReference; lastKnownFileType = sourcecode.swift; path = RecordingDataModel.swift; sourceTree = "<group>"; };
		CEF5080725333027000399C3 /* Helper.swift */ = {isa = PBXFileReference; lastKnownFileType = sourcecode.swift; path = Helper.swift; sourceTree = "<group>"; };
		CEF5080A2533E038000399C3 /* AudioPlayer.swift */ = {isa = PBXFileReference; lastKnownFileType = sourcecode.swift; path = AudioPlayer.swift; sourceTree = "<group>"; };
		CEF5BA26255283CB00825046 /* AVFoundation.framework */ = {isa = PBXFileReference; lastKnownFileType = wrapper.framework; name = AVFoundation.framework; path = System/Library/Frameworks/AVFoundation.framework; sourceTree = SDKROOT; };
/* End PBXFileReference section */

/* Begin PBXFrameworksBuildPhase section */
		CEAF8AAC2531DA55006C9B4C /* Frameworks */ = {
			isa = PBXFrameworksBuildPhase;
			buildActionMask = 2147483647;
			files = (
				CEF5BA27255283CB00825046 /* AVFoundation.framework in Frameworks */,
				CEA73106254AB296004F0E4C /* AudioToolbox.framework in Frameworks */,
			);
			runOnlyForDeploymentPostprocessing = 0;
		};
/* End PBXFrameworksBuildPhase section */

/* Begin PBXGroup section */
		CEA73104254AB296004F0E4C /* Frameworks */ = {
			isa = PBXGroup;
			children = (
				CEF5BA26255283CB00825046 /* AVFoundation.framework */,
				CEA73105254AB296004F0E4C /* AudioToolbox.framework */,
			);
			name = Frameworks;
			sourceTree = "<group>";
		};
		CEAF8AA62531DA55006C9B4C = {
			isa = PBXGroup;
			children = (
				CEAF8AB12531DA55006C9B4C /* recorderAPPnew */,
				CEAF8AB02531DA55006C9B4C /* Products */,
				CEA73104254AB296004F0E4C /* Frameworks */,
			);
			sourceTree = "<group>";
		};
		CEAF8AB02531DA55006C9B4C /* Products */ = {
			isa = PBXGroup;
			children = (
				CEAF8AAF2531DA55006C9B4C /* recorderAPPnew.app */,
			);
			name = Products;
			sourceTree = "<group>";
		};
		CEAF8AB12531DA55006C9B4C /* recorderAPPnew */ = {
			isa = PBXGroup;
			children = (
				CEA73103254AB296004F0E4C /* recorderAPPnew.entitlements */,
				CEAF8AB22531DA55006C9B4C /* AppDelegate.swift */,
				CEAF8AB42531DA55006C9B4C /* SceneDelegate.swift */,
				CEAF8AB62531DA55006C9B4C /* ContentView.swift */,
				CED63B16253293040014E82B /* AudioRecorder.swift */,
				CED63B19253295090014E82B /* RecordingList.swift */,
				CE113D292532C40F0059B88B /* Extensions.swift */,
				CEF5080025332255000399C3 /* RecordingDataModel.swift */,
				CEF5080725333027000399C3 /* Helper.swift */,
				CEF5080A2533E038000399C3 /* AudioPlayer.swift */,
				CEAF8AB82531DA5A006C9B4C /* Assets.xcassets */,
				CEAF8ABD2531DA5A006C9B4C /* LaunchScreen.storyboard */,
				CEAF8AC02531DA5A006C9B4C /* Info.plist */,
				CEAF8ABA2531DA5A006C9B4C /* Preview Content */,
			);
			path = recorderAPPnew;
			sourceTree = "<group>";
		};
		CEAF8ABA2531DA5A006C9B4C /* Preview Content */ = {
			isa = PBXGroup;
			children = (
				CEAF8ABB2531DA5A006C9B4C /* Preview Assets.xcassets */,
			);
			path = "Preview Content";
			sourceTree = "<group>";
		};
/* End PBXGroup section */

/* Begin PBXNativeTarget section */
		CEAF8AAE2531DA55006C9B4C /* recorderAPPnew */ = {
			isa = PBXNativeTarget;
			buildConfigurationList = CEAF8AC32531DA5A006C9B4C /* Build configuration list for PBXNativeTarget "recorderAPPnew" */;
			buildPhases = (
				CEAF8AAB2531DA55006C9B4C /* Sources */,
				CEAF8AAC2531DA55006C9B4C /* Frameworks */,
				CEAF8AAD2531DA55006C9B4C /* Resources */,
			);
			buildRules = (
				CE3FDD3B2534762300CDEB43 /* PBXBuildRule */,
				CE3FDD3A2534762100CDEB43 /* PBXBuildRule */,
			);
			dependencies = (
			);
			name = recorderAPPnew;
			productName = recorderAPPnew;
			productReference = CEAF8AAF2531DA55006C9B4C /* recorderAPPnew.app */;
			productType = "com.apple.product-type.application";
		};
/* End PBXNativeTarget section */

/* Begin PBXProject section */
		CEAF8AA72531DA55006C9B4C /* Project object */ = {
			isa = PBXProject;
			attributes = {
				LastSwiftUpdateCheck = 1200;
				LastUpgradeCheck = 1200;
				TargetAttributes = {
					CEAF8AAE2531DA55006C9B4C = {
						CreatedOnToolsVersion = 12.0.1;
					};
				};
			};
			buildConfigurationList = CEAF8AAA2531DA55006C9B4C /* Build configuration list for PBXProject "recorderAPPnew" */;
			compatibilityVersion = "Xcode 9.3";
			developmentRegion = en;
			hasScannedForEncodings = 0;
			knownRegions = (
				en,
				Base,
			);
			mainGroup = CEAF8AA62531DA55006C9B4C;
			productRefGroup = CEAF8AB02531DA55006C9B4C /* Products */;
			projectDirPath = "";
			projectRoot = "";
			targets = (
				CEAF8AAE2531DA55006C9B4C /* recorderAPPnew */,
			);
		};
/* End PBXProject section */

/* Begin PBXResourcesBuildPhase section */
		CEAF8AAD2531DA55006C9B4C /* Resources */ = {
			isa = PBXResourcesBuildPhase;
			buildActionMask = 2147483647;
			files = (
				CEAF8ABF2531DA5A006C9B4C /* LaunchScreen.storyboard in Resources */,
				CEAF8ABC2531DA5A006C9B4C /* Preview Assets.xcassets in Resources */,
				CEAF8AB92531DA5A006C9B4C /* Assets.xcassets in Resources */,
			);
			runOnlyForDeploymentPostprocessing = 0;
		};
/* End PBXResourcesBuildPhase section */

/* Begin PBXSourcesBuildPhase section */
		CEAF8AAB2531DA55006C9B4C /* Sources */ = {
			isa = PBXSourcesBuildPhase;
			buildActionMask = 2147483647;
			files = (
				CED63B1A253295090014E82B /* RecordingList.swift in Sources */,
				CE113D2A2532C40F0059B88B /* Extensions.swift in Sources */,
				CEF5080B2533E038000399C3 /* AudioPlayer.swift in Sources */,
				CEF5080125332255000399C3 /* RecordingDataModel.swift in Sources */,
				CEAF8AB32531DA55006C9B4C /* AppDelegate.swift in Sources */,
				CEAF8AB52531DA55006C9B4C /* SceneDelegate.swift in Sources */,
				CED63B17253293040014E82B /* AudioRecorder.swift in Sources */,
				CEAF8AB72531DA55006C9B4C /* ContentView.swift in Sources */,
				CEF5080825333027000399C3 /* Helper.swift in Sources */,
			);
			runOnlyForDeploymentPostprocessing = 0;
		};
/* End PBXSourcesBuildPhase section */

/* Begin PBXVariantGroup section */
		CEAF8ABD2531DA5A006C9B4C /* LaunchScreen.storyboard */ = {
			isa = PBXVariantGroup;
			children = (
				CEAF8ABE2531DA5A006C9B4C /* Base */,
			);
			name = LaunchScreen.storyboard;
			sourceTree = "<group>";
		};
/* End PBXVariantGroup section */

/* Begin XCBuildConfiguration section */
		CEAF8AC12531DA5A006C9B4C /* Debug */ = {
			isa = XCBuildConfiguration;
			buildSettings = {
				ALWAYS_SEARCH_USER_PATHS = NO;
				CLANG_ANALYZER_NONNULL = YES;
				CLANG_ANALYZER_NUMBER_OBJECT_CONVERSION = YES_AGGRESSIVE;
				CLANG_CXX_LANGUAGE_STANDARD = "gnu++14";
				CLANG_CXX_LIBRARY = "libc++";
				CLANG_ENABLE_MODULES = YES;
				CLANG_ENABLE_OBJC_ARC = YES;
				CLANG_ENABLE_OBJC_WEAK = YES;
				CLANG_WARN_BLOCK_CAPTURE_AUTORELEASING = YES;
				CLANG_WARN_BOOL_CONVERSION = YES;
				CLANG_WARN_COMMA = YES;
				CLANG_WARN_CONSTANT_CONVERSION = YES;
				CLANG_WARN_DEPRECATED_OBJC_IMPLEMENTATIONS = YES;
				CLANG_WARN_DIRECT_OBJC_ISA_USAGE = YES_ERROR;
				CLANG_WARN_DOCUMENTATION_COMMENTS = YES;
				CLANG_WARN_EMPTY_BODY = YES;
				CLANG_WARN_ENUM_CONVERSION = YES;
				CLANG_WARN_INFINITE_RECURSION = YES;
				CLANG_WARN_INT_CONVERSION = YES;
				CLANG_WARN_NON_LITERAL_NULL_CONVERSION = YES;
				CLANG_WARN_OBJC_IMPLICIT_RETAIN_SELF = YES;
				CLANG_WARN_OBJC_LITERAL_CONVERSION = YES;
				CLANG_WARN_OBJC_ROOT_CLASS = YES_ERROR;
				CLANG_WARN_QUOTED_INCLUDE_IN_FRAMEWORK_HEADER = YES;
				CLANG_WARN_RANGE_LOOP_ANALYSIS = YES;
				CLANG_WARN_STRICT_PROTOTYPES = YES;
				CLANG_WARN_SUSPICIOUS_MOVE = YES;
				CLANG_WARN_UNGUARDED_AVAILABILITY = YES_AGGRESSIVE;
				CLANG_WARN_UNREACHABLE_CODE = YES;
				CLANG_WARN__DUPLICATE_METHOD_MATCH = YES;
				COPY_PHASE_STRIP = NO;
				DEBUG_INFORMATION_FORMAT = dwarf;
				ENABLE_STRICT_OBJC_MSGSEND = YES;
				ENABLE_TESTABILITY = YES;
				GCC_C_LANGUAGE_STANDARD = gnu11;
				GCC_DYNAMIC_NO_PIC = NO;
				GCC_NO_COMMON_BLOCKS = YES;
				GCC_OPTIMIZATION_LEVEL = 0;
				GCC_PREPROCESSOR_DEFINITIONS = (
					"DEBUG=1",
					"$(inherited)",
				);
				GCC_WARN_64_TO_32_BIT_CONVERSION = YES;
				GCC_WARN_ABOUT_RETURN_TYPE = YES_ERROR;
				GCC_WARN_UNDECLARED_SELECTOR = YES;
				GCC_WARN_UNINITIALIZED_AUTOS = YES_AGGRESSIVE;
				GCC_WARN_UNUSED_FUNCTION = YES;
				GCC_WARN_UNUSED_VARIABLE = YES;
				IPHONEOS_DEPLOYMENT_TARGET = 14.0;
				MTL_ENABLE_DEBUG_INFO = INCLUDE_SOURCE;
				MTL_FAST_MATH = YES;
				ONLY_ACTIVE_ARCH = YES;
				SDKROOT = iphoneos;
				SWIFT_ACTIVE_COMPILATION_CONDITIONS = DEBUG;
				SWIFT_OPTIMIZATION_LEVEL = "-Onone";
			};
			name = Debug;
		};
		CEAF8AC22531DA5A006C9B4C /* Release */ = {
			isa = XCBuildConfiguration;
			buildSettings = {
				ALWAYS_SEARCH_USER_PATHS = NO;
				CLANG_ANALYZER_NONNULL = YES;
				CLANG_ANALYZER_NUMBER_OBJECT_CONVERSION = YES_AGGRESSIVE;
				CLANG_CXX_LANGUAGE_STANDARD = "gnu++14";
				CLANG_CXX_LIBRARY = "libc++";
				CLANG_ENABLE_MODULES = YES;
				CLANG_ENABLE_OBJC_ARC = YES;
				CLANG_ENABLE_OBJC_WEAK = YES;
				CLANG_WARN_BLOCK_CAPTURE_AUTORELEASING = YES;
				CLANG_WARN_BOOL_CONVERSION = YES;
				CLANG_WARN_COMMA = YES;
				CLANG_WARN_CONSTANT_CONVERSION = YES;
				CLANG_WARN_DEPRECATED_OBJC_IMPLEMENTATIONS = YES;
				CLANG_WARN_DIRECT_OBJC_ISA_USAGE = YES_ERROR;
				CLANG_WARN_DOCUMENTATION_COMMENTS = YES;
				CLANG_WARN_EMPTY_BODY = YES;
				CLANG_WARN_ENUM_CONVERSION = YES;
				CLANG_WARN_INFINITE_RECURSION = YES;
				CLANG_WARN_INT_CONVERSION = YES;
				CLANG_WARN_NON_LITERAL_NULL_CONVERSION = YES;
				CLANG_WARN_OBJC_IMPLICIT_RETAIN_SELF = YES;
				CLANG_WARN_OBJC_LITERAL_CONVERSION = YES;
				CLANG_WARN_OBJC_ROOT_CLASS = YES_ERROR;
				CLANG_WARN_QUOTED_INCLUDE_IN_FRAMEWORK_HEADER = YES;
				CLANG_WARN_RANGE_LOOP_ANALYSIS = YES;
				CLANG_WARN_STRICT_PROTOTYPES = YES;
				CLANG_WARN_SUSPICIOUS_MOVE = YES;
				CLANG_WARN_UNGUARDED_AVAILABILITY = YES_AGGRESSIVE;
				CLANG_WARN_UNREACHABLE_CODE = YES;
				CLANG_WARN__DUPLICATE_METHOD_MATCH = YES;
				COPY_PHASE_STRIP = NO;
				DEBUG_INFORMATION_FORMAT = "dwarf-with-dsym";
				ENABLE_NS_ASSERTIONS = NO;
				ENABLE_STRICT_OBJC_MSGSEND = YES;
				GCC_C_LANGUAGE_STANDARD = gnu11;
				GCC_NO_COMMON_BLOCKS = YES;
				GCC_WARN_64_TO_32_BIT_CONVERSION = YES;
				GCC_WARN_ABOUT_RETURN_TYPE = YES_ERROR;
				GCC_WARN_UNDECLARED_SELECTOR = YES;
				GCC_WARN_UNINITIALIZED_AUTOS = YES_AGGRESSIVE;
				GCC_WARN_UNUSED_FUNCTION = YES;
				GCC_WARN_UNUSED_VARIABLE = YES;
				IPHONEOS_DEPLOYMENT_TARGET = 14.0;
				MTL_ENABLE_DEBUG_INFO = NO;
				MTL_FAST_MATH = YES;
				SDKROOT = iphoneos;
				SWIFT_COMPILATION_MODE = wholemodule;
				SWIFT_OPTIMIZATION_LEVEL = "-O";
				VALIDATE_PRODUCT = YES;
			};
			name = Release;
		};
		CEAF8AC42531DA5A006C9B4C /* Debug */ = {
			isa = XCBuildConfiguration;
			buildSettings = {
				ASSETCATALOG_COMPILER_APPICON_NAME = AppIcon;
				ASSETCATALOG_COMPILER_GLOBAL_ACCENT_COLOR_NAME = AccentColor;
				CODE_SIGN_ENTITLEMENTS = recorderAPPnew/recorderAPPnew.entitlements;
				CODE_SIGN_STYLE = Automatic;
				DEVELOPMENT_ASSET_PATHS = "\"recorderAPPnew/Preview Content\"";
				DEVELOPMENT_TEAM = D453TST7T9;
				ENABLE_PREVIEWS = YES;
				INFOPLIST_FILE = recorderAPPnew/Info.plist;
				LD_RUNPATH_SEARCH_PATHS = (
					"$(inherited)",
					"@executable_path/Frameworks",
				);
				PRODUCT_BUNDLE_IDENTIFIER = iseki.recorderAPPnew;
				PRODUCT_NAME = "$(TARGET_NAME)";
				SWIFT_VERSION = 5.0;
				TARGETED_DEVICE_FAMILY = 1;
			};
			name = Debug;
		};
		CEAF8AC52531DA5A006C9B4C /* Release */ = {
			isa = XCBuildConfiguration;
			buildSettings = {
				ASSETCATALOG_COMPILER_APPICON_NAME = AppIcon;
				ASSETCATALOG_COMPILER_GLOBAL_ACCENT_COLOR_NAME = AccentColor;
				CODE_SIGN_ENTITLEMENTS = recorderAPPnew/recorderAPPnew.entitlements;
				CODE_SIGN_STYLE = Automatic;
				DEVELOPMENT_ASSET_PATHS = "\"recorderAPPnew/Preview Content\"";
				DEVELOPMENT_TEAM = D453TST7T9;
				ENABLE_PREVIEWS = YES;
				INFOPLIST_FILE = recorderAPPnew/Info.plist;
				LD_RUNPATH_SEARCH_PATHS = (
					"$(inherited)",
					"@executable_path/Frameworks",
				);
				PRODUCT_BUNDLE_IDENTIFIER = iseki.recorderAPPnew;
				PRODUCT_NAME = "$(TARGET_NAME)";
				SWIFT_VERSION = 5.0;
				TARGETED_DEVICE_FAMILY = 1;
			};
			name = Release;
		};
/* End XCBuildConfiguration section */

/* Begin XCConfigurationList section */
		CEAF8AAA2531DA55006C9B4C /* Build configuration list for PBXProject "recorderAPPnew" */ = {
			isa = XCConfigurationList;
			buildConfigurations = (
				CEAF8AC12531DA5A006C9B4C /* Debug */,
				CEAF8AC22531DA5A006C9B4C /* Release */,
			);
			defaultConfigurationIsVisible = 0;
			defaultConfigurationName = Release;
		};
		CEAF8AC32531DA5A006C9B4C /* Build configuration list for PBXNativeTarget "recorderAPPnew" */ = {
			isa = XCConfigurationList;
			buildConfigurations = (
				CEAF8AC42531DA5A006C9B4C /* Debug */,
				CEAF8AC52531DA5A006C9B4C /* Release */,
			);
			defaultConfigurationIsVisible = 0;
			defaultConfigurationName = Release;
		};
/* End XCConfigurationList section */
	};
	rootObject = CEAF8AA72531DA55006C9B4C /* Project object */;
}
